// !$*UTF8*$!
{
	archiveVersion = 1;
	classes = {
	};
	objectVersion = 54;
	objects = {

/* Begin PBXBuildFile section */
		0C80B921A6F3F58F76C31292 /* libPods-boxes.a in Frameworks */ = {isa = PBXBuildFile; fileRef = 5DCACB8F33CDC322A6C60F78 /* libPods-boxes.a */; };
		13B07FBF1A68108700A75B9A /* Images.xcassets in Resources */ = {isa = PBXBuildFile; fileRef = 13B07FB51A68108700A75B9A /* Images.xcassets */; };
		761780ED2CA45674006654EE /* AppDelegate.swift in Sources */ = {isa = PBXBuildFile; fileRef = 761780EC2CA45674006654EE /* AppDelegate.swift */; };
		81AB9BB82411601600AC10FF /* LaunchScreen.storyboard in Resources */ = {isa = PBXBuildFile; fileRef = 81AB9BB72411601600AC10FF /* LaunchScreen.storyboard */; };
		FAC3A6F885B147BDA9DCA2F9 /* CreatoDisplay-Black.otf in Resources */ = {isa = PBXBuildFile; fileRef = 0E6FA5A73D23420E839926E1 /* CreatoDisplay-Black.otf */; };
		753819ADB6954BE8A9EF5250 /* CreatoDisplay-BlackItalic.otf in Resources */ = {isa = PBXBuildFile; fileRef = 389C3F94EF704E5E87B7464C /* CreatoDisplay-BlackItalic.otf */; };
		642D40A388D44DEABF480891 /* CreatoDisplay-Bold.otf in Resources */ = {isa = PBXBuildFile; fileRef = E7E47BA71D754F1CBA39F5FA /* CreatoDisplay-Bold.otf */; };
		3C17A0C9581B43D19A5497A6 /* CreatoDisplay-BoldItalic.otf in Resources */ = {isa = PBXBuildFile; fileRef = BE46667958CD4A4EAD4E9E18 /* CreatoDisplay-BoldItalic.otf */; };
		127661C2F89D428BB24A296B /* CreatoDisplay-ExtraBold.otf in Resources */ = {isa = PBXBuildFile; fileRef = D1B3E32BCCBF46FA950CC328 /* CreatoDisplay-ExtraBold.otf */; };
		3E7EC5D6B48C4394B0D5DDA7 /* CreatoDisplay-ExtraBoldItalic.otf in Resources */ = {isa = PBXBuildFile; fileRef = E1EEE887FED94812B01E2742 /* CreatoDisplay-ExtraBoldItalic.otf */; };
		73F31EF8B94F44C0B4BCC0AD /* CreatoDisplay-Light.otf in Resources */ = {isa = PBXBuildFile; fileRef = B54653AD0AA94A67B9462B53 /* CreatoDisplay-Light.otf */; };
		29DDB828F9BB4A229CA70045 /* CreatoDisplay-LightItalic.otf in Resources */ = {isa = PBXBuildFile; fileRef = 222BC3F5B9934C688631F545 /* CreatoDisplay-LightItalic.otf */; };
		2F54F4AF499E4904808669C3 /* CreatoDisplay-Medium.otf in Resources */ = {isa = PBXBuildFile; fileRef = DBE36EF0138C4B93BE1AD2A9 /* CreatoDisplay-Medium.otf */; };
		561B4EF1DAD1484C9DA1B453 /* CreatoDisplay-MediumItalic.otf in Resources */ = {isa = PBXBuildFile; fileRef = 76D9C544A2354F5C8AAFF056 /* CreatoDisplay-MediumItalic.otf */; };
		1CF309F549694DD3A8118D86 /* CreatoDisplay-Regular.otf in Resources */ = {isa = PBXBuildFile; fileRef = 4368CDD58C384346A6DE0D19 /* CreatoDisplay-Regular.otf */; };
		AABC2EDA490A4FDE9CC09127 /* CreatoDisplay-RegularItalic.otf in Resources */ = {isa = PBXBuildFile; fileRef = 7B2D930A49C04843BDE7C444 /* CreatoDisplay-RegularItalic.otf */; };
		4287D7071BFF4E9F8D40CEDA /* CreatoDisplay-Thin.otf in Resources */ = {isa = PBXBuildFile; fileRef = 7157AA87666244E2BD0CC2CD /* CreatoDisplay-Thin.otf */; };
		E5C00D004E4D4D09B89D9A5A /* CreatoDisplay-ThinItalic.otf in Resources */ = {isa = PBXBuildFile; fileRef = F334C040A63E451596ADE69B /* CreatoDisplay-ThinItalic.otf */; };
		F77402D68D974066838FB3AF /* Cinzel-Black.ttf in Resources */ = {isa = PBXBuildFile; fileRef = 19042C2C4A89449485D63E0A /* Cinzel-Black.ttf */; };
		DC7BBCF1C8B04939B445D957 /* Cinzel-Bold.ttf in Resources */ = {isa = PBXBuildFile; fileRef = 9F7762422F4248AE8729C92F /* Cinzel-Bold.ttf */; };
		F6372B1DB3AE47A0A2E0A2EC /* Cinzel-ExtraBold.ttf in Resources */ = {isa = PBXBuildFile; fileRef = A59CC29B06844901812FD495 /* Cinzel-ExtraBold.ttf */; };
		48BFDBF806404054AAE18CD0 /* Cinzel-Medium.ttf in Resources */ = {isa = PBXBuildFile; fileRef = 7E8A4C4E1643400E8592A29C /* Cinzel-Medium.ttf */; };
		8D64CC9D1A6E41F08982223C /* Cinzel-Regular.ttf in Resources */ = {isa = PBXBuildFile; fileRef = 82349440BFD1445288839EEB /* Cinzel-Regular.ttf */; };
		D1AA4D84DA8441D0AD11DA7A /* Cinzel-SemiBold.ttf in Resources */ = {isa = PBXBuildFile; fileRef = 617C7EBD2F8A4CC1BA873531 /* Cinzel-SemiBold.ttf */; };
		8B2A1AB34652412AB2924528 /* Cinzel-VariableFont_wght.ttf in Resources */ = {isa = PBXBuildFile; fileRef = D90B6B9810494CAE80689184 /* Cinzel-VariableFont_wght.ttf */; };
		1E223522DB60429CA059A36B /* CormorantGaramond-Bold.ttf in Resources */ = {isa = PBXBuildFile; fileRef = 72894CC6247840A1AF0555CC /* CormorantGaramond-Bold.ttf */; };
		D338C70F290A46C89C39DD8A /* CormorantGaramond-BoldItalic.ttf in Resources */ = {isa = PBXBuildFile; fileRef = 2773617F0E1D4D50BD16D801 /* CormorantGaramond-BoldItalic.ttf */; };
		E716924056BB4BE19CB91863 /* CormorantGaramond-Italic-VariableFont_wght.ttf in Resources */ = {isa = PBXBuildFile; fileRef = D27B33194E664D86B59A06E9 /* CormorantGaramond-Italic-VariableFont_wght.ttf */; };
		76B38FD0934B4290908B4054 /* CormorantGaramond-Italic.ttf in Resources */ = {isa = PBXBuildFile; fileRef = 5458C983578B4275B440A3CC /* CormorantGaramond-Italic.ttf */; };
		BAABFFF0373741F984964888 /* CormorantGaramond-Light.ttf in Resources */ = {isa = PBXBuildFile; fileRef = 26CD932285A84D6AA807FA0A /* CormorantGaramond-Light.ttf */; };
		A7F06818F46744ADA5864A2A /* CormorantGaramond-LightItalic.ttf in Resources */ = {isa = PBXBuildFile; fileRef = 046BD3CF8FF64EB6BB4E5BE6 /* CormorantGaramond-LightItalic.ttf */; };
		12CCF89EE3164792AC7CC078 /* CormorantGaramond-Medium.ttf in Resources */ = {isa = PBXBuildFile; fileRef = 49FB5296AEC44A4F958E7EE1 /* CormorantGaramond-Medium.ttf */; };
		9BE6BB7ED60F40728171D42F /* CormorantGaramond-MediumItalic.ttf in Resources */ = {isa = PBXBuildFile; fileRef = 25BB8567C06F41F08BDA57B9 /* CormorantGaramond-MediumItalic.ttf */; };
		1823A4E147114EB49CAAE901 /* CormorantGaramond-Regular.ttf in Resources */ = {isa = PBXBuildFile; fileRef = 2F4229C59E9F44D8B973CCF3 /* CormorantGaramond-Regular.ttf */; };
		EB078AA66EBF4E98A7A023FE /* CormorantGaramond-SemiBold.ttf in Resources */ = {isa = PBXBuildFile; fileRef = F1429B5113704D58AFEDC46E /* CormorantGaramond-SemiBold.ttf */; };
		8430288A0EC343E7B7C4C2EE /* CormorantGaramond-SemiBoldItalic.ttf in Resources */ = {isa = PBXBuildFile; fileRef = 0B57972134394AAAA578987C /* CormorantGaramond-SemiBoldItalic.ttf */; };
		7D5E7D54E0524107996BC71C /* CormorantGaramond-VariableFont_wght.ttf in Resources */ = {isa = PBXBuildFile; fileRef = 67F3F2BA17674724BCC28B77 /* CormorantGaramond-VariableFont_wght.ttf */; };
		0D215E4357D94171AEDCFE03 /* Cinzel.zip in Resources */ = {isa = PBXBuildFile; fileRef = E910E626F1DE4D528D391C04 /* Cinzel.zip */; };
		B0FD30DDCBC941B8824C2889 /* OFL.txt in Resources */ = {isa = PBXBuildFile; fileRef = F07B107DA92540608ECEBA58 /* OFL.txt */; };
		EB635B91E38B4D8196C045D1 /* README.txt in Resources */ = {isa = PBXBuildFile; fileRef = 502384075CC74512B8DAEF61 /* README.txt */; };
		24A1F5D0B05745FAAAFDA9AE /* Cormorant_Garamond.zip in Resources */ = {isa = PBXBuildFile; fileRef = 44012206B96F4EAD8F5760C1 /* Cormorant_Garamond.zip */; };
		C5CF299FF0AF48D9935A4129 /* OFL.txt in Resources */ = {isa = PBXBuildFile; fileRef = 187C9AF675FC47AD8303D753 /* OFL.txt */; };
		FD668B3F696D49B8A78F2EFB /* README.txt in Resources */ = {isa = PBXBuildFile; fileRef = BBE4346EF164410AA60A2072 /* README.txt */; };
/* End PBXBuildFile section */

/* Begin PBXFileReference section */
		13B07F961A680F5B00A75B9A /* boxes.app */ = {isa = PBXFileReference; explicitFileType = wrapper.application; includeInIndex = 0; path = boxes.app; sourceTree = BUILT_PRODUCTS_DIR; };
		13B07FB51A68108700A75B9A /* Images.xcassets */ = {isa = PBXFileReference; lastKnownFileType = folder.assetcatalog; name = Images.xcassets; path = boxes/Images.xcassets; sourceTree = "<group>"; };
		13B07FB61A68108700A75B9A /* Info.plist */ = {isa = PBXFileReference; fileEncoding = 4; lastKnownFileType = text.plist.xml; name = Info.plist; path = boxes/Info.plist; sourceTree = "<group>"; };
		13B07FB81A68108700A75B9A /* PrivacyInfo.xcprivacy */ = {isa = PBXFileReference; fileEncoding = 4; lastKnownFileType = text.plist.xml; name = PrivacyInfo.xcprivacy; path = boxes/PrivacyInfo.xcprivacy; sourceTree = "<group>"; };
		3B4392A12AC88292D35C810B /* Pods-boxes.debug.xcconfig */ = {isa = PBXFileReference; includeInIndex = 1; lastKnownFileType = text.xcconfig; name = "Pods-boxes.debug.xcconfig"; path = "Target Support Files/Pods-boxes/Pods-boxes.debug.xcconfig"; sourceTree = "<group>"; };
		5709B34CF0A7D63546082F79 /* Pods-boxes.release.xcconfig */ = {isa = PBXFileReference; includeInIndex = 1; lastKnownFileType = text.xcconfig; name = "Pods-boxes.release.xcconfig"; path = "Target Support Files/Pods-boxes/Pods-boxes.release.xcconfig"; sourceTree = "<group>"; };
		5DCACB8F33CDC322A6C60F78 /* libPods-boxes.a */ = {isa = PBXFileReference; explicitFileType = archive.ar; includeInIndex = 0; path = "libPods-boxes.a"; sourceTree = BUILT_PRODUCTS_DIR; };
		761780EC2CA45674006654EE /* AppDelegate.swift */ = {isa = PBXFileReference; lastKnownFileType = sourcecode.swift; name = AppDelegate.swift; path = boxes/AppDelegate.swift; sourceTree = "<group>"; };
		81AB9BB72411601600AC10FF /* LaunchScreen.storyboard */ = {isa = PBXFileReference; fileEncoding = 4; lastKnownFileType = file.storyboard; name = LaunchScreen.storyboard; path = boxes/LaunchScreen.storyboard; sourceTree = "<group>"; };
		ED297162215061F000B7C4FE /* JavaScriptCore.framework */ = {isa = PBXFileReference; lastKnownFileType = wrapper.framework; name = JavaScriptCore.framework; path = System/Library/Frameworks/JavaScriptCore.framework; sourceTree = SDKROOT; };
		0E6FA5A73D23420E839926E1 /* CreatoDisplay-Black.otf */ = {isa = PBXFileReference; name = "CreatoDisplay-Black.otf"; path = "../assets/fonts/CreatoDisplay-Black.otf"; sourceTree = "<group>"; fileEncoding = undefined; lastKnownFileType = unknown; explicitFileType = undefined; includeInIndex = 0; };
		389C3F94EF704E5E87B7464C /* CreatoDisplay-BlackItalic.otf */ = {isa = PBXFileReference; name = "CreatoDisplay-BlackItalic.otf"; path = "../assets/fonts/CreatoDisplay-BlackItalic.otf"; sourceTree = "<group>"; fileEncoding = undefined; lastKnownFileType = unknown; explicitFileType = undefined; includeInIndex = 0; };
		E7E47BA71D754F1CBA39F5FA /* CreatoDisplay-Bold.otf */ = {isa = PBXFileReference; name = "CreatoDisplay-Bold.otf"; path = "../assets/fonts/CreatoDisplay-Bold.otf"; sourceTree = "<group>"; fileEncoding = undefined; lastKnownFileType = unknown; explicitFileType = undefined; includeInIndex = 0; };
		BE46667958CD4A4EAD4E9E18 /* CreatoDisplay-BoldItalic.otf */ = {isa = PBXFileReference; name = "CreatoDisplay-BoldItalic.otf"; path = "../assets/fonts/CreatoDisplay-BoldItalic.otf"; sourceTree = "<group>"; fileEncoding = undefined; lastKnownFileType = unknown; explicitFileType = undefined; includeInIndex = 0; };
		D1B3E32BCCBF46FA950CC328 /* CreatoDisplay-ExtraBold.otf */ = {isa = PBXFileReference; name = "CreatoDisplay-ExtraBold.otf"; path = "../assets/fonts/CreatoDisplay-ExtraBold.otf"; sourceTree = "<group>"; fileEncoding = undefined; lastKnownFileType = unknown; explicitFileType = undefined; includeInIndex = 0; };
		E1EEE887FED94812B01E2742 /* CreatoDisplay-ExtraBoldItalic.otf */ = {isa = PBXFileReference; name = "CreatoDisplay-ExtraBoldItalic.otf"; path = "../assets/fonts/CreatoDisplay-ExtraBoldItalic.otf"; sourceTree = "<group>"; fileEncoding = undefined; lastKnownFileType = unknown; explicitFileType = undefined; includeInIndex = 0; };
		B54653AD0AA94A67B9462B53 /* CreatoDisplay-Light.otf */ = {isa = PBXFileReference; name = "CreatoDisplay-Light.otf"; path = "../assets/fonts/CreatoDisplay-Light.otf"; sourceTree = "<group>"; fileEncoding = undefined; lastKnownFileType = unknown; explicitFileType = undefined; includeInIndex = 0; };
		222BC3F5B9934C688631F545 /* CreatoDisplay-LightItalic.otf */ = {isa = PBXFileReference; name = "CreatoDisplay-LightItalic.otf"; path = "../assets/fonts/CreatoDisplay-LightItalic.otf"; sourceTree = "<group>"; fileEncoding = undefined; lastKnownFileType = unknown; explicitFileType = undefined; includeInIndex = 0; };
		DBE36EF0138C4B93BE1AD2A9 /* CreatoDisplay-Medium.otf */ = {isa = PBXFileReference; name = "CreatoDisplay-Medium.otf"; path = "../assets/fonts/CreatoDisplay-Medium.otf"; sourceTree = "<group>"; fileEncoding = undefined; lastKnownFileType = unknown; explicitFileType = undefined; includeInIndex = 0; };
		76D9C544A2354F5C8AAFF056 /* CreatoDisplay-MediumItalic.otf */ = {isa = PBXFileReference; name = "CreatoDisplay-MediumItalic.otf"; path = "../assets/fonts/CreatoDisplay-MediumItalic.otf"; sourceTree = "<group>"; fileEncoding = undefined; lastKnownFileType = unknown; explicitFileType = undefined; includeInIndex = 0; };
		4368CDD58C384346A6DE0D19 /* CreatoDisplay-Regular.otf */ = {isa = PBXFileReference; name = "CreatoDisplay-Regular.otf"; path = "../assets/fonts/CreatoDisplay-Regular.otf"; sourceTree = "<group>"; fileEncoding = undefined; lastKnownFileType = unknown; explicitFileType = undefined; includeInIndex = 0; };
		7B2D930A49C04843BDE7C444 /* CreatoDisplay-RegularItalic.otf */ = {isa = PBXFileReference; name = "CreatoDisplay-RegularItalic.otf"; path = "../assets/fonts/CreatoDisplay-RegularItalic.otf"; sourceTree = "<group>"; fileEncoding = undefined; lastKnownFileType = unknown; explicitFileType = undefined; includeInIndex = 0; };
		7157AA87666244E2BD0CC2CD /* CreatoDisplay-Thin.otf */ = {isa = PBXFileReference; name = "CreatoDisplay-Thin.otf"; path = "../assets/fonts/CreatoDisplay-Thin.otf"; sourceTree = "<group>"; fileEncoding = undefined; lastKnownFileType = unknown; explicitFileType = undefined; includeInIndex = 0; };
		F334C040A63E451596ADE69B /* CreatoDisplay-ThinItalic.otf */ = {isa = PBXFileReference; name = "CreatoDisplay-ThinItalic.otf"; path = "../assets/fonts/CreatoDisplay-ThinItalic.otf"; sourceTree = "<group>"; fileEncoding = undefined; lastKnownFileType = unknown; explicitFileType = undefined; includeInIndex = 0; };
		19042C2C4A89449485D63E0A /* Cinzel-Black.ttf */ = {isa = PBXFileReference; name = "Cinzel-Black.ttf"; path = "../assets/fonts/Cinzel-Black.ttf"; sourceTree = "<group>"; fileEncoding = undefined; lastKnownFileType = unknown; explicitFileType = undefined; includeInIndex = 0; };
		9F7762422F4248AE8729C92F /* Cinzel-Bold.ttf */ = {isa = PBXFileReference; name = "Cinzel-Bold.ttf"; path = "../assets/fonts/Cinzel-Bold.ttf"; sourceTree = "<group>"; fileEncoding = undefined; lastKnownFileType = unknown; explicitFileType = undefined; includeInIndex = 0; };
		A59CC29B06844901812FD495 /* Cinzel-ExtraBold.ttf */ = {isa = PBXFileReference; name = "Cinzel-ExtraBold.ttf"; path = "../assets/fonts/Cinzel-ExtraBold.ttf"; sourceTree = "<group>"; fileEncoding = undefined; lastKnownFileType = unknown; explicitFileType = undefined; includeInIndex = 0; };
		7E8A4C4E1643400E8592A29C /* Cinzel-Medium.ttf */ = {isa = PBXFileReference; name = "Cinzel-Medium.ttf"; path = "../assets/fonts/Cinzel-Medium.ttf"; sourceTree = "<group>"; fileEncoding = undefined; lastKnownFileType = unknown; explicitFileType = undefined; includeInIndex = 0; };
		82349440BFD1445288839EEB /* Cinzel-Regular.ttf */ = {isa = PBXFileReference; name = "Cinzel-Regular.ttf"; path = "../assets/fonts/Cinzel-Regular.ttf"; sourceTree = "<group>"; fileEncoding = undefined; lastKnownFileType = unknown; explicitFileType = undefined; includeInIndex = 0; };
		617C7EBD2F8A4CC1BA873531 /* Cinzel-SemiBold.ttf */ = {isa = PBXFileReference; name = "Cinzel-SemiBold.ttf"; path = "../assets/fonts/Cinzel-SemiBold.ttf"; sourceTree = "<group>"; fileEncoding = undefined; lastKnownFileType = unknown; explicitFileType = undefined; includeInIndex = 0; };
		D90B6B9810494CAE80689184 /* Cinzel-VariableFont_wght.ttf */ = {isa = PBXFileReference; name = "Cinzel-VariableFont_wght.ttf"; path = "../assets/fonts/Cinzel-VariableFont_wght.ttf"; sourceTree = "<group>"; fileEncoding = undefined; lastKnownFileType = unknown; explicitFileType = undefined; includeInIndex = 0; };
		72894CC6247840A1AF0555CC /* CormorantGaramond-Bold.ttf */ = {isa = PBXFileReference; name = "CormorantGaramond-Bold.ttf"; path = "../assets/fonts/static/CormorantGaramond-Bold.ttf"; sourceTree = "<group>"; fileEncoding = undefined; lastKnownFileType = unknown; explicitFileType = undefined; includeInIndex = 0; };
		2773617F0E1D4D50BD16D801 /* CormorantGaramond-BoldItalic.ttf */ = {isa = PBXFileReference; name = "CormorantGaramond-BoldItalic.ttf"; path = "../assets/fonts/static/CormorantGaramond-BoldItalic.ttf"; sourceTree = "<group>"; fileEncoding = undefined; lastKnownFileType = unknown; explicitFileType = undefined; includeInIndex = 0; };
		D27B33194E664D86B59A06E9 /* CormorantGaramond-Italic-VariableFont_wght.ttf */ = {isa = PBXFileReference; name = "CormorantGaramond-Italic-VariableFont_wght.ttf"; path = "../assets/fonts/Cormorant_Garamond/CormorantGaramond-Italic-VariableFont_wght.ttf"; sourceTree = "<group>"; fileEncoding = undefined; lastKnownFileType = unknown; explicitFileType = undefined; includeInIndex = 0; };
		5458C983578B4275B440A3CC /* CormorantGaramond-Italic.ttf */ = {isa = PBXFileReference; name = "CormorantGaramond-Italic.ttf"; path = "../assets/fonts/static/CormorantGaramond-Italic.ttf"; sourceTree = "<group>"; fileEncoding = undefined; lastKnownFileType = unknown; explicitFileType = undefined; includeInIndex = 0; };
		26CD932285A84D6AA807FA0A /* CormorantGaramond-Light.ttf */ = {isa = PBXFileReference; name = "CormorantGaramond-Light.ttf"; path = "../assets/fonts/static/CormorantGaramond-Light.ttf"; sourceTree = "<group>"; fileEncoding = undefined; lastKnownFileType = unknown; explicitFileType = undefined; includeInIndex = 0; };
		046BD3CF8FF64EB6BB4E5BE6 /* CormorantGaramond-LightItalic.ttf */ = {isa = PBXFileReference; name = "CormorantGaramond-LightItalic.ttf"; path = "../assets/fonts/static/CormorantGaramond-LightItalic.ttf"; sourceTree = "<group>"; fileEncoding = undefined; lastKnownFileType = unknown; explicitFileType = undefined; includeInIndex = 0; };
		49FB5296AEC44A4F958E7EE1 /* CormorantGaramond-Medium.ttf */ = {isa = PBXFileReference; name = "CormorantGaramond-Medium.ttf"; path = "../assets/fonts/static/CormorantGaramond-Medium.ttf"; sourceTree = "<group>"; fileEncoding = undefined; lastKnownFileType = unknown; explicitFileType = undefined; includeInIndex = 0; };
		25BB8567C06F41F08BDA57B9 /* CormorantGaramond-MediumItalic.ttf */ = {isa = PBXFileReference; name = "CormorantGaramond-MediumItalic.ttf"; path = "../assets/fonts/static/CormorantGaramond-MediumItalic.ttf"; sourceTree = "<group>"; fileEncoding = undefined; lastKnownFileType = unknown; explicitFileType = undefined; includeInIndex = 0; };
		2F4229C59E9F44D8B973CCF3 /* CormorantGaramond-Regular.ttf */ = {isa = PBXFileReference; name = "CormorantGaramond-Regular.ttf"; path = "../assets/fonts/static/CormorantGaramond-Regular.ttf"; sourceTree = "<group>"; fileEncoding = undefined; lastKnownFileType = unknown; explicitFileType = undefined; includeInIndex = 0; };
		F1429B5113704D58AFEDC46E /* CormorantGaramond-SemiBold.ttf */ = {isa = PBXFileReference; name = "CormorantGaramond-SemiBold.ttf"; path = "../assets/fonts/static/CormorantGaramond-SemiBold.ttf"; sourceTree = "<group>"; fileEncoding = undefined; lastKnownFileType = unknown; explicitFileType = undefined; includeInIndex = 0; };
		0B57972134394AAAA578987C /* CormorantGaramond-SemiBoldItalic.ttf */ = {isa = PBXFileReference; name = "CormorantGaramond-SemiBoldItalic.ttf"; path = "../assets/fonts/static/CormorantGaramond-SemiBoldItalic.ttf"; sourceTree = "<group>"; fileEncoding = undefined; lastKnownFileType = unknown; explicitFileType = undefined; includeInIndex = 0; };
		67F3F2BA17674724BCC28B77 /* CormorantGaramond-VariableFont_wght.ttf */ = {isa = PBXFileReference; name = "CormorantGaramond-VariableFont_wght.ttf"; path = "../assets/fonts/Cormorant_Garamond/CormorantGaramond-VariableFont_wght.ttf"; sourceTree = "<group>"; fileEncoding = undefined; lastKnownFileType = unknown; explicitFileType = undefined; includeInIndex = 0; };
		E910E626F1DE4D528D391C04 /* Cinzel.zip */ = {isa = PBXFileReference; name = "Cinzel.zip"; path = "../assets/fonts/Cinzel.zip"; sourceTree = "<group>"; fileEncoding = undefined; lastKnownFileType = unknown; explicitFileType = undefined; includeInIndex = 0; };
		F07B107DA92540608ECEBA58 /* OFL.txt */ = {isa = PBXFileReference; name = "OFL.txt"; path = "../assets/fonts/Cormorant_Garamond/OFL.txt"; sourceTree = "<group>"; fileEncoding = undefined; lastKnownFileType = unknown; explicitFileType = undefined; includeInIndex = 0; };
		502384075CC74512B8DAEF61 /* README.txt */ = {isa = PBXFileReference; name = "README.txt"; path = "../assets/fonts/Cormorant_Garamond/README.txt"; sourceTree = "<group>"; fileEncoding = undefined; lastKnownFileType = unknown; explicitFileType = undefined; includeInIndex = 0; };
		44012206B96F4EAD8F5760C1 /* Cormorant_Garamond.zip */ = {isa = PBXFileReference; name = "Cormorant_Garamond.zip"; path = "../assets/fonts/Cormorant_Garamond.zip"; sourceTree = "<group>"; fileEncoding = undefined; lastKnownFileType = unknown; explicitFileType = undefined; includeInIndex = 0; };
		187C9AF675FC47AD8303D753 /* OFL.txt */ = {isa = PBXFileReference; name = "OFL.txt"; path = "../assets/fonts/OFL.txt"; sourceTree = "<group>"; fileEncoding = undefined; lastKnownFileType = unknown; explicitFileType = undefined; includeInIndex = 0; };
		BBE4346EF164410AA60A2072 /* README.txt */ = {isa = PBXFileReference; name = "README.txt"; path = "../assets/fonts/README.txt"; sourceTree = "<group>"; fileEncoding = undefined; lastKnownFileType = unknown; explicitFileType = undefined; includeInIndex = 0; };
/* End PBXFileReference section */

/* Begin PBXFrameworksBuildPhase section */
		13B07F8C1A680F5B00A75B9A /* Frameworks */ = {
			isa = PBXFrameworksBuildPhase;
			buildActionMask = 2147483647;
			files = (
				0C80B921A6F3F58F76C31292 /* libPods-boxes.a in Frameworks */,
			);
			runOnlyForDeploymentPostprocessing = 0;
		};
/* End PBXFrameworksBuildPhase section */

/* Begin PBXGroup section */
		13B07FAE1A68108700A75B9A /* boxes */ = {
			isa = PBXGroup;
			children = (
				13B07FB51A68108700A75B9A /* Images.xcassets */,
				761780EC2CA45674006654EE /* AppDelegate.swift */,
				13B07FB61A68108700A75B9A /* Info.plist */,
				81AB9BB72411601600AC10FF /* LaunchScreen.storyboard */,
				13B07FB81A68108700A75B9A /* PrivacyInfo.xcprivacy */,
			);
			name = boxes;
			sourceTree = "<group>";
		};
		2D16E6871FA4F8E400B85C8A /* Frameworks */ = {
			isa = PBXGroup;
			children = (
				ED297162215061F000B7C4FE /* JavaScriptCore.framework */,
				5DCACB8F33CDC322A6C60F78 /* libPods-boxes.a */,
			);
			name = Frameworks;
			sourceTree = "<group>";
		};
		832341AE1AAA6A7D00B99B32 /* Libraries */ = {
			isa = PBXGroup;
			children = (
			);
			name = Libraries;
			sourceTree = "<group>";
		};
		83CBB9F61A601CBA00E9B192 = {
			isa = PBXGroup;
			children = (
				13B07FAE1A68108700A75B9A /* boxes */,
				832341AE1AAA6A7D00B99B32 /* Libraries */,
				83CBBA001A601CBA00E9B192 /* Products */,
				2D16E6871FA4F8E400B85C8A /* Frameworks */,
				BBD78D7AC51CEA395F1C20DB /* Pods */,
				0EC44046AF6240FAB4A27FFC /* Resources */,
			);
			indentWidth = 2;
			sourceTree = "<group>";
			tabWidth = 2;
			usesTabs = 0;
		};
		83CBBA001A601CBA00E9B192 /* Products */ = {
			isa = PBXGroup;
			children = (
				13B07F961A680F5B00A75B9A /* boxes.app */,
			);
			name = Products;
			sourceTree = "<group>";
		};
		BBD78D7AC51CEA395F1C20DB /* Pods */ = {
			isa = PBXGroup;
			children = (
				3B4392A12AC88292D35C810B /* Pods-boxes.debug.xcconfig */,
				5709B34CF0A7D63546082F79 /* Pods-boxes.release.xcconfig */,
			);
			path = Pods;
			sourceTree = "<group>";
		};
		0EC44046AF6240FAB4A27FFC /* Resources */ = {
			isa = "PBXGroup";
			children = (
				0E6FA5A73D23420E839926E1 /* CreatoDisplay-Black.otf */,
				389C3F94EF704E5E87B7464C /* CreatoDisplay-BlackItalic.otf */,
				E7E47BA71D754F1CBA39F5FA /* CreatoDisplay-Bold.otf */,
				BE46667958CD4A4EAD4E9E18 /* CreatoDisplay-BoldItalic.otf */,
				D1B3E32BCCBF46FA950CC328 /* CreatoDisplay-ExtraBold.otf */,
				E1EEE887FED94812B01E2742 /* CreatoDisplay-ExtraBoldItalic.otf */,
				B54653AD0AA94A67B9462B53 /* CreatoDisplay-Light.otf */,
				222BC3F5B9934C688631F545 /* CreatoDisplay-LightItalic.otf */,
				DBE36EF0138C4B93BE1AD2A9 /* CreatoDisplay-Medium.otf */,
				76D9C544A2354F5C8AAFF056 /* CreatoDisplay-MediumItalic.otf */,
				4368CDD58C384346A6DE0D19 /* CreatoDisplay-Regular.otf */,
				7B2D930A49C04843BDE7C444 /* CreatoDisplay-RegularItalic.otf */,
				7157AA87666244E2BD0CC2CD /* CreatoDisplay-Thin.otf */,
				F334C040A63E451596ADE69B /* CreatoDisplay-ThinItalic.otf */,
				19042C2C4A89449485D63E0A /* Cinzel-Black.ttf */,
				9F7762422F4248AE8729C92F /* Cinzel-Bold.ttf */,
				A59CC29B06844901812FD495 /* Cinzel-ExtraBold.ttf */,
				7E8A4C4E1643400E8592A29C /* Cinzel-Medium.ttf */,
				82349440BFD1445288839EEB /* Cinzel-Regular.ttf */,
				617C7EBD2F8A4CC1BA873531 /* Cinzel-SemiBold.ttf */,
				D90B6B9810494CAE80689184 /* Cinzel-VariableFont_wght.ttf */,
				72894CC6247840A1AF0555CC /* CormorantGaramond-Bold.ttf */,
				2773617F0E1D4D50BD16D801 /* CormorantGaramond-BoldItalic.ttf */,
				D27B33194E664D86B59A06E9 /* CormorantGaramond-Italic-VariableFont_wght.ttf */,
				5458C983578B4275B440A3CC /* CormorantGaramond-Italic.ttf */,
				26CD932285A84D6AA807FA0A /* CormorantGaramond-Light.ttf */,
				046BD3CF8FF64EB6BB4E5BE6 /* CormorantGaramond-LightItalic.ttf */,
				49FB5296AEC44A4F958E7EE1 /* CormorantGaramond-Medium.ttf */,
				25BB8567C06F41F08BDA57B9 /* CormorantGaramond-MediumItalic.ttf */,
				2F4229C59E9F44D8B973CCF3 /* CormorantGaramond-Regular.ttf */,
				F1429B5113704D58AFEDC46E /* CormorantGaramond-SemiBold.ttf */,
				0B57972134394AAAA578987C /* CormorantGaramond-SemiBoldItalic.ttf */,
				67F3F2BA17674724BCC28B77 /* CormorantGaramond-VariableFont_wght.ttf */,
				E910E626F1DE4D528D391C04 /* Cinzel.zip */,
				F07B107DA92540608ECEBA58 /* OFL.txt */,
				502384075CC74512B8DAEF61 /* README.txt */,
				44012206B96F4EAD8F5760C1 /* Cormorant_Garamond.zip */,
				187C9AF675FC47AD8303D753 /* OFL.txt */,
				BBE4346EF164410AA60A2072 /* README.txt */,
			);
			name = Resources;
			sourceTree = "<group>";
			path = "";
		};
/* End PBXGroup section */

/* Begin PBXNativeTarget section */
		13B07F861A680F5B00A75B9A /* boxes */ = {
			isa = PBXNativeTarget;
			buildConfigurationList = 13B07F931A680F5B00A75B9A /* Build configuration list for PBXNativeTarget "boxes" */;
			buildPhases = (
				C38B50BA6285516D6DCD4F65 /* [CP] Check Pods Manifest.lock */,
				13B07F871A680F5B00A75B9A /* Sources */,
				13B07F8C1A680F5B00A75B9A /* Frameworks */,
				13B07F8E1A680F5B00A75B9A /* Resources */,
				00DD1BFF1BD5951E006B06BC /* Bundle React Native code and images */,
				00EEFC60759A1932668264C0 /* [CP] Embed Pods Frameworks */,
				E235C05ADACE081382539298 /* [CP] Copy Pods Resources */,
			);
			buildRules = (
			);
			dependencies = (
			);
			name = boxes;
			productName = boxes;
			productReference = 13B07F961A680F5B00A75B9A /* boxes.app */;
			productType = "com.apple.product-type.application";
		};
/* End PBXNativeTarget section */

/* Begin PBXProject section */
		83CBB9F71A601CBA00E9B192 /* Project object */ = {
			isa = PBXProject;
			attributes = {
				LastUpgradeCheck = 1210;
				TargetAttributes = {
					13B07F861A680F5B00A75B9A = {
						LastSwiftMigration = 1120;
					};
				};
			};
			buildConfigurationList = 83CBB9FA1A601CBA00E9B192 /* Build configuration list for PBXProject "boxes" */;
			compatibilityVersion = "Xcode 12.0";
			developmentRegion = en;
			hasScannedForEncodings = 0;
			knownRegions = (
				en,
				Base,
			);
			mainGroup = 83CBB9F61A601CBA00E9B192;
			productRefGroup = 83CBBA001A601CBA00E9B192 /* Products */;
			projectDirPath = "";
			projectRoot = "";
			targets = (
				13B07F861A680F5B00A75B9A /* boxes */,
			);
		};
/* End PBXProject section */

/* Begin PBXResourcesBuildPhase section */
		13B07F8E1A680F5B00A75B9A /* Resources */ = {
			isa = PBXResourcesBuildPhase;
			buildActionMask = 2147483647;
			files = (
				81AB9BB82411601600AC10FF /* LaunchScreen.storyboard in Resources */,
				13B07FBF1A68108700A75B9A /* Images.xcassets in Resources */,
				FAC3A6F885B147BDA9DCA2F9 /* CreatoDisplay-Black.otf in Resources */,
				753819ADB6954BE8A9EF5250 /* CreatoDisplay-BlackItalic.otf in Resources */,
				642D40A388D44DEABF480891 /* CreatoDisplay-Bold.otf in Resources */,
				3C17A0C9581B43D19A5497A6 /* CreatoDisplay-BoldItalic.otf in Resources */,
				127661C2F89D428BB24A296B /* CreatoDisplay-ExtraBold.otf in Resources */,
				3E7EC5D6B48C4394B0D5DDA7 /* CreatoDisplay-ExtraBoldItalic.otf in Resources */,
				73F31EF8B94F44C0B4BCC0AD /* CreatoDisplay-Light.otf in Resources */,
				29DDB828F9BB4A229CA70045 /* CreatoDisplay-LightItalic.otf in Resources */,
				2F54F4AF499E4904808669C3 /* CreatoDisplay-Medium.otf in Resources */,
				561B4EF1DAD1484C9DA1B453 /* CreatoDisplay-MediumItalic.otf in Resources */,
				1CF309F549694DD3A8118D86 /* CreatoDisplay-Regular.otf in Resources */,
				AABC2EDA490A4FDE9CC09127 /* CreatoDisplay-RegularItalic.otf in Resources */,
				4287D7071BFF4E9F8D40CEDA /* CreatoDisplay-Thin.otf in Resources */,
				E5C00D004E4D4D09B89D9A5A /* CreatoDisplay-ThinItalic.otf in Resources */,
				F77402D68D974066838FB3AF /* Cinzel-Black.ttf in Resources */,
				DC7BBCF1C8B04939B445D957 /* Cinzel-Bold.ttf in Resources */,
				F6372B1DB3AE47A0A2E0A2EC /* Cinzel-ExtraBold.ttf in Resources */,
				48BFDBF806404054AAE18CD0 /* Cinzel-Medium.ttf in Resources */,
				8D64CC9D1A6E41F08982223C /* Cinzel-Regular.ttf in Resources */,
				D1AA4D84DA8441D0AD11DA7A /* Cinzel-SemiBold.ttf in Resources */,
				8B2A1AB34652412AB2924528 /* Cinzel-VariableFont_wght.ttf in Resources */,
				1E223522DB60429CA059A36B /* CormorantGaramond-Bold.ttf in Resources */,
				D338C70F290A46C89C39DD8A /* CormorantGaramond-BoldItalic.ttf in Resources */,
				E716924056BB4BE19CB91863 /* CormorantGaramond-Italic-VariableFont_wght.ttf in Resources */,
				76B38FD0934B4290908B4054 /* CormorantGaramond-Italic.ttf in Resources */,
				BAABFFF0373741F984964888 /* CormorantGaramond-Light.ttf in Resources */,
				A7F06818F46744ADA5864A2A /* CormorantGaramond-LightItalic.ttf in Resources */,
				12CCF89EE3164792AC7CC078 /* CormorantGaramond-Medium.ttf in Resources */,
				9BE6BB7ED60F40728171D42F /* CormorantGaramond-MediumItalic.ttf in Resources */,
				1823A4E147114EB49CAAE901 /* CormorantGaramond-Regular.ttf in Resources */,
				EB078AA66EBF4E98A7A023FE /* CormorantGaramond-SemiBold.ttf in Resources */,
				8430288A0EC343E7B7C4C2EE /* CormorantGaramond-SemiBoldItalic.ttf in Resources */,
				7D5E7D54E0524107996BC71C /* CormorantGaramond-VariableFont_wght.ttf in Resources */,
				0D215E4357D94171AEDCFE03 /* Cinzel.zip in Resources */,
				B0FD30DDCBC941B8824C2889 /* OFL.txt in Resources */,
				EB635B91E38B4D8196C045D1 /* README.txt in Resources */,
				24A1F5D0B05745FAAAFDA9AE /* Cormorant_Garamond.zip in Resources */,
				C5CF299FF0AF48D9935A4129 /* OFL.txt in Resources */,
				FD668B3F696D49B8A78F2EFB /* README.txt in Resources */,
			);
			runOnlyForDeploymentPostprocessing = 0;
		};
/* End PBXResourcesBuildPhase section */

/* Begin PBXShellScriptBuildPhase section */
		00DD1BFF1BD5951E006B06BC /* Bundle React Native code and images */ = {
			isa = PBXShellScriptBuildPhase;
			buildActionMask = 2147483647;
			files = (
			);
			inputPaths = (
				"$(SRCROOT)/.xcode.env.local",
				"$(SRCROOT)/.xcode.env",
			);
			name = "Bundle React Native code and images";
			outputPaths = (
			);
			runOnlyForDeploymentPostprocessing = 0;
			shellPath = /bin/sh;
			shellScript = "set -e\n\nWITH_ENVIRONMENT=\"$REACT_NATIVE_PATH/scripts/xcode/with-environment.sh\"\nREACT_NATIVE_XCODE=\"$REACT_NATIVE_PATH/scripts/react-native-xcode.sh\"\n\n/bin/sh -c \"\\\"$WITH_ENVIRONMENT\\\" \\\"$REACT_NATIVE_XCODE\\\"\"\n";
		};
		00EEFC60759A1932668264C0 /* [CP] Embed Pods Frameworks */ = {
			isa = PBXShellScriptBuildPhase;
			buildActionMask = 2147483647;
			files = (
			);
			inputFileListPaths = (
				"${PODS_ROOT}/Target Support Files/Pods-boxes/Pods-boxes-frameworks-${CONFIGURATION}-input-files.xcfilelist",
			);
			name = "[CP] Embed Pods Frameworks";
			outputFileListPaths = (
				"${PODS_ROOT}/Target Support Files/Pods-boxes/Pods-boxes-frameworks-${CONFIGURATION}-output-files.xcfilelist",
			);
			runOnlyForDeploymentPostprocessing = 0;
			shellPath = /bin/sh;
			shellScript = "\"${PODS_ROOT}/Target Support Files/Pods-boxes/Pods-boxes-frameworks.sh\"\n";
			showEnvVarsInLog = 0;
		};
		C38B50BA6285516D6DCD4F65 /* [CP] Check Pods Manifest.lock */ = {
			isa = PBXShellScriptBuildPhase;
			buildActionMask = 2147483647;
			files = (
			);
			inputFileListPaths = (
			);
			inputPaths = (
				"${PODS_PODFILE_DIR_PATH}/Podfile.lock",
				"${PODS_ROOT}/Manifest.lock",
			);
			name = "[CP] Check Pods Manifest.lock";
			outputFileListPaths = (
			);
			outputPaths = (
				"$(DERIVED_FILE_DIR)/Pods-boxes-checkManifestLockResult.txt",
			);
			runOnlyForDeploymentPostprocessing = 0;
			shellPath = /bin/sh;
			shellScript = "diff \"${PODS_PODFILE_DIR_PATH}/Podfile.lock\" \"${PODS_ROOT}/Manifest.lock\" > /dev/null\nif [ $? != 0 ] ; then\n    # print error to STDERR\n    echo \"error: The sandbox is not in sync with the Podfile.lock. Run 'pod install' or update your CocoaPods installation.\" >&2\n    exit 1\nfi\n# This output is used by Xcode 'outputs' to avoid re-running this script phase.\necho \"SUCCESS\" > \"${SCRIPT_OUTPUT_FILE_0}\"\n";
			showEnvVarsInLog = 0;
		};
		E235C05ADACE081382539298 /* [CP] Copy Pods Resources */ = {
			isa = PBXShellScriptBuildPhase;
			buildActionMask = 2147483647;
			files = (
			);
			inputFileListPaths = (
				"${PODS_ROOT}/Target Support Files/Pods-boxes/Pods-boxes-resources-${CONFIGURATION}-input-files.xcfilelist",
			);
			name = "[CP] Copy Pods Resources";
			outputFileListPaths = (
				"${PODS_ROOT}/Target Support Files/Pods-boxes/Pods-boxes-resources-${CONFIGURATION}-output-files.xcfilelist",
			);
			runOnlyForDeploymentPostprocessing = 0;
			shellPath = /bin/sh;
			shellScript = "\"${PODS_ROOT}/Target Support Files/Pods-boxes/Pods-boxes-resources.sh\"\n";
			showEnvVarsInLog = 0;
		};
/* End PBXShellScriptBuildPhase section */

/* Begin PBXSourcesBuildPhase section */
		13B07F871A680F5B00A75B9A /* Sources */ = {
			isa = PBXSourcesBuildPhase;
			buildActionMask = 2147483647;
			files = (
				761780ED2CA45674006654EE /* AppDelegate.swift in Sources */,
			);
			runOnlyForDeploymentPostprocessing = 0;
		};
/* End PBXSourcesBuildPhase section */

/* Begin XCBuildConfiguration section */
		13B07F941A680F5B00A75B9A /* Debug */ = {
			isa = XCBuildConfiguration;
			baseConfigurationReference = 3B4392A12AC88292D35C810B /* Pods-boxes.debug.xcconfig */;
			buildSettings = {
				ASSETCATALOG_COMPILER_APPICON_NAME = AppIcon;
				CLANG_ENABLE_MODULES = YES;
				CURRENT_PROJECT_VERSION = 1;
				ENABLE_BITCODE = NO;
				INFOPLIST_FILE = boxes/Info.plist;
				IPHONEOS_DEPLOYMENT_TARGET = 15.1;
				LD_RUNPATH_SEARCH_PATHS = (
					"$(inherited)",
					"@executable_path/Frameworks",
				);
				MARKETING_VERSION = 1.0;
				OTHER_LDFLAGS = (
					"$(inherited)",
					"-ObjC",
					"-lc++",
				);
				PRODUCT_BUNDLE_IDENTIFIER = "org.reactjs.native.example.$(PRODUCT_NAME:rfc1034identifier)";
				PRODUCT_NAME = boxes;
				SWIFT_OPTIMIZATION_LEVEL = "-Onone";
				SWIFT_VERSION = 5.0;
				VERSIONING_SYSTEM = "apple-generic";
			};
			name = Debug;
		};
		13B07F951A680F5B00A75B9A /* Release */ = {
			isa = XCBuildConfiguration;
			baseConfigurationReference = 5709B34CF0A7D63546082F79 /* Pods-boxes.release.xcconfig */;
			buildSettings = {
				ASSETCATALOG_COMPILER_APPICON_NAME = AppIcon;
				CLANG_ENABLE_MODULES = YES;
				CURRENT_PROJECT_VERSION = 1;
				INFOPLIST_FILE = boxes/Info.plist;
				IPHONEOS_DEPLOYMENT_TARGET = 15.1;
				LD_RUNPATH_SEARCH_PATHS = (
					"$(inherited)",
					"@executable_path/Frameworks",
				);
				MARKETING_VERSION = 1.0;
				OTHER_LDFLAGS = (
					"$(inherited)",
					"-ObjC",
					"-lc++",
				);
				PRODUCT_BUNDLE_IDENTIFIER = "org.reactjs.native.example.$(PRODUCT_NAME:rfc1034identifier)";
				PRODUCT_NAME = boxes;
				SWIFT_VERSION = 5.0;
				VERSIONING_SYSTEM = "apple-generic";
			};
			name = Release;
		};
		83CBBA201A601CBA00E9B192 /* Debug */ = {
			isa = XCBuildConfiguration;
			buildSettings = {
				ALWAYS_SEARCH_USER_PATHS = NO;
				CLANG_ANALYZER_LOCALIZABILITY_NONLOCALIZED = YES;
				CLANG_CXX_LANGUAGE_STANDARD = "c++20";
				CLANG_CXX_LIBRARY = "libc++";
				CLANG_ENABLE_MODULES = YES;
				CLANG_ENABLE_OBJC_ARC = YES;
				CLANG_WARN_BLOCK_CAPTURE_AUTORELEASING = YES;
				CLANG_WARN_BOOL_CONVERSION = YES;
				CLANG_WARN_COMMA = YES;
				CLANG_WARN_CONSTANT_CONVERSION = YES;
				CLANG_WARN_DEPRECATED_OBJC_IMPLEMENTATIONS = YES;
				CLANG_WARN_DIRECT_OBJC_ISA_USAGE = YES_ERROR;
				CLANG_WARN_EMPTY_BODY = YES;
				CLANG_WARN_ENUM_CONVERSION = YES;
				CLANG_WARN_INFINITE_RECURSION = YES;
				CLANG_WARN_INT_CONVERSION = YES;
				CLANG_WARN_NON_LITERAL_NULL_CONVERSION = YES;
				CLANG_WARN_OBJC_IMPLICIT_RETAIN_SELF = YES;
				CLANG_WARN_OBJC_LITERAL_CONVERSION = YES;
				CLANG_WARN_OBJC_ROOT_CLASS = YES_ERROR;
				CLANG_WARN_QUOTED_INCLUDE_IN_FRAMEWORK_HEADER = YES;
				CLANG_WARN_RANGE_LOOP_ANALYSIS = YES;
				CLANG_WARN_STRICT_PROTOTYPES = YES;
				CLANG_WARN_SUSPICIOUS_MOVE = YES;
				CLANG_WARN_UNREACHABLE_CODE = YES;
				CLANG_WARN__DUPLICATE_METHOD_MATCH = YES;
				"CODE_SIGN_IDENTITY[sdk=iphoneos*]" = "iPhone Developer";
				COPY_PHASE_STRIP = NO;
				ENABLE_STRICT_OBJC_MSGSEND = YES;
				ENABLE_TESTABILITY = YES;
				"EXCLUDED_ARCHS[sdk=iphonesimulator*]" = "";
				GCC_C_LANGUAGE_STANDARD = gnu99;
				GCC_DYNAMIC_NO_PIC = NO;
				GCC_NO_COMMON_BLOCKS = YES;
				GCC_OPTIMIZATION_LEVEL = 0;
				GCC_PREPROCESSOR_DEFINITIONS = (
					"DEBUG=1",
					"$(inherited)",
				);
				GCC_SYMBOLS_PRIVATE_EXTERN = NO;
				GCC_WARN_64_TO_32_BIT_CONVERSION = YES;
				GCC_WARN_ABOUT_RETURN_TYPE = YES_ERROR;
				GCC_WARN_UNDECLARED_SELECTOR = YES;
				GCC_WARN_UNINITIALIZED_AUTOS = YES_AGGRESSIVE;
				GCC_WARN_UNUSED_FUNCTION = YES;
				GCC_WARN_UNUSED_VARIABLE = YES;
				IPHONEOS_DEPLOYMENT_TARGET = 15.1;
				LD_RUNPATH_SEARCH_PATHS = (
					/usr/lib/swift,
					"$(inherited)",
				);
				LIBRARY_SEARCH_PATHS = (
					"\"$(SDKROOT)/usr/lib/swift\"",
					"\"$(TOOLCHAIN_DIR)/usr/lib/swift/$(PLATFORM_NAME)\"",
					"\"$(inherited)\"",
				);
				MTL_ENABLE_DEBUG_INFO = YES;
				ONLY_ACTIVE_ARCH = YES;
				OTHER_CPLUSPLUSFLAGS = (
					"$(OTHER_CFLAGS)",
					"-DFOLLY_NO_CONFIG",
					"-DFOLLY_MOBILE=1",
					"-DFOLLY_USE_LIBCPP=1",
					"-DFOLLY_CFG_NO_COROUTINES=1",
					"-DFOLLY_HAVE_CLOCK_GETTIME=1",
				);
				SDKROOT = iphoneos;
			};
			name = Debug;
		};
		83CBBA211A601CBA00E9B192 /* Release */ = {
			isa = XCBuildConfiguration;
			buildSettings = {
				ALWAYS_SEARCH_USER_PATHS = NO;
				CLANG_ANALYZER_LOCALIZABILITY_NONLOCALIZED = YES;
				CLANG_CXX_LANGUAGE_STANDARD = "c++20";
				CLANG_CXX_LIBRARY = "libc++";
				CLANG_ENABLE_MODULES = YES;
				CLANG_ENABLE_OBJC_ARC = YES;
				CLANG_WARN_BLOCK_CAPTURE_AUTORELEASING = YES;
				CLANG_WARN_BOOL_CONVERSION = YES;
				CLANG_WARN_COMMA = YES;
				CLANG_WARN_CONSTANT_CONVERSION = YES;
				CLANG_WARN_DEPRECATED_OBJC_IMPLEMENTATIONS = YES;
				CLANG_WARN_DIRECT_OBJC_ISA_USAGE = YES_ERROR;
				CLANG_WARN_EMPTY_BODY = YES;
				CLANG_WARN_ENUM_CONVERSION = YES;
				CLANG_WARN_INFINITE_RECURSION = YES;
				CLANG_WARN_INT_CONVERSION = YES;
				CLANG_WARN_NON_LITERAL_NULL_CONVERSION = YES;
				CLANG_WARN_OBJC_IMPLICIT_RETAIN_SELF = YES;
				CLANG_WARN_OBJC_LITERAL_CONVERSION = YES;
				CLANG_WARN_OBJC_ROOT_CLASS = YES_ERROR;
				CLANG_WARN_QUOTED_INCLUDE_IN_FRAMEWORK_HEADER = YES;
				CLANG_WARN_RANGE_LOOP_ANALYSIS = YES;
				CLANG_WARN_STRICT_PROTOTYPES = YES;
				CLANG_WARN_SUSPICIOUS_MOVE = YES;
				CLANG_WARN_UNREACHABLE_CODE = YES;
				CLANG_WARN__DUPLICATE_METHOD_MATCH = YES;
				"CODE_SIGN_IDENTITY[sdk=iphoneos*]" = "iPhone Developer";
				COPY_PHASE_STRIP = YES;
				ENABLE_NS_ASSERTIONS = NO;
				ENABLE_STRICT_OBJC_MSGSEND = YES;
				"EXCLUDED_ARCHS[sdk=iphonesimulator*]" = "";
				GCC_C_LANGUAGE_STANDARD = gnu99;
				GCC_NO_COMMON_BLOCKS = YES;
				GCC_WARN_64_TO_32_BIT_CONVERSION = YES;
				GCC_WARN_ABOUT_RETURN_TYPE = YES_ERROR;
				GCC_WARN_UNDECLARED_SELECTOR = YES;
				GCC_WARN_UNINITIALIZED_AUTOS = YES_AGGRESSIVE;
				GCC_WARN_UNUSED_FUNCTION = YES;
				GCC_WARN_UNUSED_VARIABLE = YES;
				IPHONEOS_DEPLOYMENT_TARGET = 15.1;
				LD_RUNPATH_SEARCH_PATHS = (
					/usr/lib/swift,
					"$(inherited)",
				);
				LIBRARY_SEARCH_PATHS = (
					"\"$(SDKROOT)/usr/lib/swift\"",
					"\"$(TOOLCHAIN_DIR)/usr/lib/swift/$(PLATFORM_NAME)\"",
					"\"$(inherited)\"",
				);
				MTL_ENABLE_DEBUG_INFO = NO;
				OTHER_CPLUSPLUSFLAGS = (
					"$(OTHER_CFLAGS)",
					"-DFOLLY_NO_CONFIG",
					"-DFOLLY_MOBILE=1",
					"-DFOLLY_USE_LIBCPP=1",
					"-DFOLLY_CFG_NO_COROUTINES=1",
					"-DFOLLY_HAVE_CLOCK_GETTIME=1",
				);
				SDKROOT = iphoneos;
				VALIDATE_PRODUCT = YES;
			};
			name = Release;
		};
/* End XCBuildConfiguration section */

/* Begin XCConfigurationList section */
		13B07F931A680F5B00A75B9A /* Build configuration list for PBXNativeTarget "boxes" */ = {
			isa = XCConfigurationList;
			buildConfigurations = (
				13B07F941A680F5B00A75B9A /* Debug */,
				13B07F951A680F5B00A75B9A /* Release */,
			);
			defaultConfigurationIsVisible = 0;
			defaultConfigurationName = Release;
		};
		83CBB9FA1A601CBA00E9B192 /* Build configuration list for PBXProject "boxes" */ = {
			isa = XCConfigurationList;
			buildConfigurations = (
				83CBBA201A601CBA00E9B192 /* Debug */,
				83CBBA211A601CBA00E9B192 /* Release */,
			);
			defaultConfigurationIsVisible = 0;
			defaultConfigurationName = Release;
		};
/* End XCConfigurationList section */
	};
	rootObject = 83CBB9F71A601CBA00E9B192 /* Project object */;
}
